
Microsoft Visual Studio Solution File, Format Version 12.00
# Visual Studio Version 16
VisualStudioVersion = 16.0.29306.81
MinimumVisualStudioVersion = 10.0.40219.1
Project("{FAE04EC0-301F-11D3-BF4B-00C04F79EFBC}") = "TurnirAsistentModel", "TurnirAsistentModel\TurnirAsistentModel.csproj", "{D9072FBD-B7F0-4FB7-9A36-9EE00251C073}"
EndProject
Global
	GlobalSection(SolutionConfigurationPlatforms) = preSolution
		Debug|Any CPU = Debug|Any CPU
		Release|Any CPU = Release|Any CPU
	EndGlobalSection
	GlobalSection(ProjectConfigurationPlatforms) = postSolution
		{D9072FBD-B7F0-4FB7-9A36-9EE00251C073}.Debug|Any CPU.ActiveCfg = Debug|Any CPU
		{D9072FBD-B7F0-4FB7-9A36-9EE00251C073}.Debug|Any CPU.Build.0 = Debug|Any CPU
		{D9072FBD-B7F0-4FB7-9A36-9EE00251C073}.Release|Any CPU.ActiveCfg = Release|Any CPU
		{D9072FBD-B7F0-4FB7-9A36-9EE00251C073}.Release|Any CPU.Build.0 = Release|Any CPU
	EndGlobalSection
	GlobalSection(SolutionProperties) = preSolution
		HideSolutionNode = FALSE
	EndGlobalSection
	GlobalSection(ExtensibilityGlobals) = postSolution
		SolutionGuid = {F2C5BA9E-EA1B-460A-B52A-1404BE593D6B}
	EndGlobalSection
EndGlobal
